Microsoft Visual Studio Solution File, Format Version 12.00
# Visual Studio Version 17
VisualStudioVersion = 17.13.35825.156
MinimumVisualStudioVersion = 10.0.40219.1
Project("{FAE04EC0-301F-11D3-BF4B-00C04F79EFBC}") = "dotnet-opentelemetry-tracing-demo", "dotnet-opentelemetry-tracing-demo.csproj", "{BE7AB4EC-A9C1-EA0B-91E5-EE36FD684B17}"
EndProject
Global
	GlobalSection(SolutionConfigurationPlatforms) = preSolution
		Debug|Any CPU = Debug|Any CPU
		Release|Any CPU = Release|Any CPU
	EndGlobalSection
	GlobalSection(ProjectConfigurationPlatforms) = postSolution
		{BE7AB4EC-A9C1-EA0B-91E5-EE36FD684B17}.Debug|Any CPU.ActiveCfg = Debug|Any CPU
		{BE7AB4EC-A9C1-EA0B-91E5-EE36FD684B17}.Debug|Any CPU.Build.0 = Debug|Any CPU
		{BE7AB4EC-A9C1-EA0B-91E5-EE36FD684B17}.Release|Any CPU.ActiveCfg = Release|Any CPU
		{BE7AB4EC-A9C1-EA0B-91E5-EE36FD684B17}.Release|Any CPU.Build.0 = Release|Any CPU
	EndGlobalSection
	GlobalSection(SolutionProperties) = preSolution
		HideSolutionNode = FALSE
	EndGlobalSection
	GlobalSection(ExtensibilityGlobals) = postSolution
		SolutionGuid = {4A777D95-F531-4F9A-9060-67FED37E9A37}
	EndGlobalSection
EndGlobal
